
Microsoft Visual Studio Solution File, Format Version 12.00
# Visual Studio Version 17
VisualStudioVersion = 17.3.32825.248
MinimumVisualStudioVersion = 10.0.40219.1
Project("{FAE04EC0-301F-11D3-BF4B-00C04F79EFBC}") = "Assignment1", "Assignment1\Assignment1.csproj", "{4C40E177-EAA2-46C4-85AE-40C41CF2B3B3}"
EndProject
Project("{FAE04EC0-301F-11D3-BF4B-00C04F79EFBC}") = "TestAssignment1", "TestAssignment1\TestAssignment1.csproj", "{45FE6067-B3AB-408E-93DE-E0B2C285EF33}"
EndProject
Global
	GlobalSection(SolutionConfigurationPlatforms) = preSolution
		Debug|Any CPU = Debug|Any CPU
		Release|Any CPU = Release|Any CPU
	EndGlobalSection
	GlobalSection(ProjectConfigurationPlatforms) = postSolution
		{4C40E177-EAA2-46C4-85AE-40C41CF2B3B3}.Debug|Any CPU.ActiveCfg = Debug|Any CPU
		{4C40E177-EAA2-46C4-85AE-40C41CF2B3B3}.Debug|Any CPU.Build.0 = Debug|Any CPU
		{4C40E177-EAA2-46C4-85AE-40C41CF2B3B3}.Release|Any CPU.ActiveCfg = Release|Any CPU
		{4C40E177-EAA2-46C4-85AE-40C41CF2B3B3}.Release|Any CPU.Build.0 = Release|Any CPU
		{45FE6067-B3AB-408E-93DE-E0B2C285EF33}.Debug|Any CPU.ActiveCfg = Debug|Any CPU
		{45FE6067-B3AB-408E-93DE-E0B2C285EF33}.Debug|Any CPU.Build.0 = Debug|Any CPU
		{45FE6067-B3AB-408E-93DE-E0B2C285EF33}.Release|Any CPU.ActiveCfg = Release|Any CPU
		{45FE6067-B3AB-408E-93DE-E0B2C285EF33}.Release|Any CPU.Build.0 = Release|Any CPU
	EndGlobalSection
	GlobalSection(SolutionProperties) = preSolution
		HideSolutionNode = FALSE
	EndGlobalSection
	GlobalSection(ExtensibilityGlobals) = postSolution
		SolutionGuid = {096EAB9F-1E15-4BCB-8E64-7552822C1C86}
	EndGlobalSection
EndGlobal
